github.com/bbaktaeho/myModule v1.0.0 h1:A6VmAyM039pVUa5A8/2foelF3Y+OGef1rcuDP7HYWbU=
github.com/bbaktaeho/myModule v1.0.0/go.mod h1:GrY9DB1pbeGIk959TIOl3gTpJbTjpQvpRc3f/9+Sonc=
github.com/bbaktaeho/myModule/v2 v2.1.0 h1:360j5HNmS32AbQIR0lkdrmImzVv2e+Nu78Ah9Ec6GXo=
github.com/bbaktaeho/myModule/v2 v2.1.0/go.mod h1:akYAjetvDSWDqtkxGmUrkUvBg/r5IKF9QipPnjydDfo=
